
Microsoft Visual Studio Solution File, Format Version 12.00
# Visual Studio 14
VisualStudioVersion = 14.0.25420.1
MinimumVisualStudioVersion = 10.0.40219.1
Project("{FAE04EC0-301F-11D3-BF4B-00C04F79EFBC}") = "图片加水印", "图片加水印\图片加水印.csproj", "{D74B7208-ABEB-4BAD-AC85-FE4CED8FCDBE}"
EndProject
Global
	GlobalSection(SolutionConfigurationPlatforms) = preSolution
		Debug|Any CPU = Debug|Any CPU
		Release|Any CPU = Release|Any CPU
	EndGlobalSection
	GlobalSection(ProjectConfigurationPlatforms) = postSolution
		{D74B7208-ABEB-4BAD-AC85-FE4CED8FCDBE}.Debug|Any CPU.ActiveCfg = Debug|Any CPU
		{D74B7208-ABEB-4BAD-AC85-FE4CED8FCDBE}.Debug|Any CPU.Build.0 = Debug|Any CPU
		{D74B7208-ABEB-4BAD-AC85-FE4CED8FCDBE}.Release|Any CPU.ActiveCfg = Release|Any CPU
		{D74B7208-ABEB-4BAD-AC85-FE4CED8FCDBE}.Release|Any CPU.Build.0 = Release|Any CPU
	EndGlobalSection
	GlobalSection(SolutionProperties) = preSolution
		HideSolutionNode = FALSE
	EndGlobalSection
EndGlobal
