
Microsoft Visual Studio Solution File, Format Version 12.00
# Visual Studio 15
VisualStudioVersion = 15.0.28307.539
MinimumVisualStudioVersion = 10.0.40219.1
Project("{FAE04EC0-301F-11D3-BF4B-00C04F79EFBC}") = "FrmPPMViewer", "FrmPPMViewer\FrmPPMViewer.csproj", "{B0234483-99CF-4EE7-AF0E-AEE80293CE54}"
EndProject
Global
	GlobalSection(SolutionConfigurationPlatforms) = preSolution
		Debug|Any CPU = Debug|Any CPU
		Release|Any CPU = Release|Any CPU
	EndGlobalSection
	GlobalSection(ProjectConfigurationPlatforms) = postSolution
		{B0234483-99CF-4EE7-AF0E-AEE80293CE54}.Debug|Any CPU.ActiveCfg = Debug|Any CPU
		{B0234483-99CF-4EE7-AF0E-AEE80293CE54}.Debug|Any CPU.Build.0 = Debug|Any CPU
		{B0234483-99CF-4EE7-AF0E-AEE80293CE54}.Release|Any CPU.ActiveCfg = Release|Any CPU
		{B0234483-99CF-4EE7-AF0E-AEE80293CE54}.Release|Any CPU.Build.0 = Release|Any CPU
	EndGlobalSection
	GlobalSection(SolutionProperties) = preSolution
		HideSolutionNode = FALSE
	EndGlobalSection
	GlobalSection(ExtensibilityGlobals) = postSolution
		SolutionGuid = {A9DD7C44-F97B-4B35-A3C9-60A6D8181005}
	EndGlobalSection
EndGlobal
