
Microsoft Visual Studio Solution File, Format Version 12.00
# Visual Studio 15
VisualStudioVersion = 15.0.28307.539
MinimumVisualStudioVersion = 10.0.40219.1
Project("{FAE04EC0-301F-11D3-BF4B-00C04F79EFBC}") = "RattlerControl1", "RattlerControl1\RattlerControl1.csproj", "{613D96C8-CCD8-4303-9F30-279A0A528821}"
EndProject
Global
	GlobalSection(SolutionConfigurationPlatforms) = preSolution
		Debug|Any CPU = Debug|Any CPU
		Release|Any CPU = Release|Any CPU
	EndGlobalSection
	GlobalSection(ProjectConfigurationPlatforms) = postSolution
		{613D96C8-CCD8-4303-9F30-279A0A528821}.Debug|Any CPU.ActiveCfg = Debug|Any CPU
		{613D96C8-CCD8-4303-9F30-279A0A528821}.Debug|Any CPU.Build.0 = Debug|Any CPU
		{613D96C8-CCD8-4303-9F30-279A0A528821}.Release|Any CPU.ActiveCfg = Release|Any CPU
		{613D96C8-CCD8-4303-9F30-279A0A528821}.Release|Any CPU.Build.0 = Release|Any CPU
	EndGlobalSection
	GlobalSection(SolutionProperties) = preSolution
		HideSolutionNode = FALSE
	EndGlobalSection
	GlobalSection(ExtensibilityGlobals) = postSolution
		SolutionGuid = {4BC977B3-D2F0-4416-BF1E-35952C416F99}
	EndGlobalSection
EndGlobal
