
Microsoft Visual Studio Solution File, Format Version 12.00
# Visual Studio Version 16
VisualStudioVersion = 16.0.29418.71
MinimumVisualStudioVersion = 10.0.40219.1
Project("{FAE04EC0-301F-11D3-BF4B-00C04F79EFBC}") = "窗体移动", "窗体移动\窗体移动.csproj", "{C3A59CD9-871A-4E5E-9401-67810C70D003}"
EndProject
Global
	GlobalSection(SolutionConfigurationPlatforms) = preSolution
		Debug|Any CPU = Debug|Any CPU
		Release|Any CPU = Release|Any CPU
	EndGlobalSection
	GlobalSection(ProjectConfigurationPlatforms) = postSolution
		{C3A59CD9-871A-4E5E-9401-67810C70D003}.Debug|Any CPU.ActiveCfg = Debug|Any CPU
		{C3A59CD9-871A-4E5E-9401-67810C70D003}.Debug|Any CPU.Build.0 = Debug|Any CPU
		{C3A59CD9-871A-4E5E-9401-67810C70D003}.Release|Any CPU.ActiveCfg = Release|Any CPU
		{C3A59CD9-871A-4E5E-9401-67810C70D003}.Release|Any CPU.Build.0 = Release|Any CPU
	EndGlobalSection
	GlobalSection(SolutionProperties) = preSolution
		HideSolutionNode = FALSE
	EndGlobalSection
	GlobalSection(ExtensibilityGlobals) = postSolution
		SolutionGuid = {B0E1B503-7E82-4555-8008-4D38323ABDC1}
	EndGlobalSection
EndGlobal
